{
  "name": "ngx-auth-wso2",
  "version": "1.0.0",
  "lockfileVersion": 1,
  "requires": true,
  "dependencies": {
    "ngx-auth": {
      "version": "4.1.0",
      "resolved": "https://registry.npmjs.org/ngx-auth/-/ngx-auth-4.1.0.tgz",
      "integrity": "sha512-kW1CfrM3XXSshtwLoskrPLAq6z2eVlevp4AZKV2fyu9qobo8jStsK1yOB3/7hvlAf0KinRO3KDjX5/94Psz5BA==",
      "requires": {
        "tslib": "^1.9.0"
      }
    },
    "tslib": {
      "version": "1.9.3",
      "resolved": "https://registry.npmjs.org/tslib/-/tslib-1.9.3.tgz",
      "integrity": "sha512-4krF8scpejhaOgqzBEcGM7yDIEfi0/8+8zDRZhNZZ2kjmHJ4hv3zCbQWxoJGz1iw5U0Jl0nma13xzHXcncMavQ=="
    }
  }
}
